
Microsoft Visual Studio Solution File, Format Version 12.00
# Visual Studio 14
VisualStudioVersion = 14.0.23107.0
MinimumVisualStudioVersion = 10.0.40219.1
Project("{00D1A9C2-B5F0-4AF3-8072-F6C62B433612}") = "TrainingTracker", "TrainingTracker\TrainingTracker.sqlproj", "{C976260E-7B43-4BB6-BA56-9F5AE90BAE1E}"
EndProject
Project("{2150E333-8FDC-42A3-9474-1A3956D46DE8}") = "5. Database", "5. Database", "{A2CE6A4B-5DF3-44DE-935E-9C94A7F285E9}"
EndProject
Project("{FAE04EC0-301F-11D3-BF4B-00C04F79EFBC}") = "Repository", "Repository\Repository.csproj", "{E58F04E6-4F2D-4CAE-BE1F-3A573B407707}"
EndProject
Project("{2150E333-8FDC-42A3-9474-1A3956D46DE8}") = "4. Data Access", "4. Data Access", "{89CD191D-22B8-417B-9426-741D102E2D00}"
EndProject
Project("{FAE04EC0-301F-11D3-BF4B-00C04F79EFBC}") = "Models", "Models\Models.csproj", "{69564E12-C3C8-4D7F-9E34-21AA9A355242}"
EndProject
Project("{FAE04EC0-301F-11D3-BF4B-00C04F79EFBC}") = "RepositoryTests", "RepositoryTests\RepositoryTests.csproj", "{DBD28C04-5F68-4184-B337-3214580F42CC}"
EndProject
Project("{2150E333-8FDC-42A3-9474-1A3956D46DE8}") = "2. API", "2. API", "{F032B427-9AB6-48B4-8677-8CE21C9BFFC3}"
EndProject
Project("{2150E333-8FDC-42A3-9474-1A3956D46DE8}") = "3. Business", "3. Business", "{A84DDB5B-3D09-4E24-AB3D-57624536BF43}"
EndProject
Project("{2150E333-8FDC-42A3-9474-1A3956D46DE8}") = "1. UI", "1. UI", "{90CF14D5-3DA7-4D7D-B6F7-5DC3448A6E56}"
EndProject
Project("{FAE04EC0-301F-11D3-BF4B-00C04F79EFBC}") = "Business", "Business\Business.csproj", "{1494DA5D-0B15-44B2-9AC2-4A412DE29CF5}"
EndProject
Project("{FAE04EC0-301F-11D3-BF4B-00C04F79EFBC}") = "BusinessTests", "BusinessTests\BusinessTests.csproj", "{3829CC54-4CEA-496C-868B-156B359B176B}"
EndProject
Project("{FAE04EC0-301F-11D3-BF4B-00C04F79EFBC}") = "TrainingTrackerAPI", "TrainingTrackerAPI\TrainingTrackerAPI.csproj", "{AFC410C0-7D93-42A6-AD17-1B045D140998}"
EndProject
Project("{FAE04EC0-301F-11D3-BF4B-00C04F79EFBC}") = "TrainingTrackerAPITests", "TrainingTrackerAPITests\TrainingTrackerAPITests.csproj", "{628CB421-6A28-4F47-BCB1-FB194850B93C}"
EndProject
Project("{FAE04EC0-301F-11D3-BF4B-00C04F79EFBC}") = "TrainingTrackerMVC", "TrainingTrackerMVC\TrainingTrackerMVC.csproj", "{E66D2D19-A377-46B7-8D6E-FBE73BF0BE18}"
EndProject
Project("{FAE04EC0-301F-11D3-BF4B-00C04F79EFBC}") = "TrainingTrackerMVC.Tests", "TrainingTrackerMVC.Tests\TrainingTrackerMVC.Tests.csproj", "{756765D5-FDD1-40D3-8DAB-56F650BF7921}"
EndProject
Project("{FAE04EC0-301F-11D3-BF4B-00C04F79EFBC}") = "Exceptions", "Exceptions\Exceptions.csproj", "{DEFE3AF5-C75C-412F-A375-B7124B4AAEFA}"
EndProject
Global
	GlobalSection(SolutionConfigurationPlatforms) = preSolution
		Debug|Any CPU = Debug|Any CPU
		Release|Any CPU = Release|Any CPU
	EndGlobalSection
	GlobalSection(ProjectConfigurationPlatforms) = postSolution
		{C976260E-7B43-4BB6-BA56-9F5AE90BAE1E}.Debug|Any CPU.ActiveCfg = Debug|Any CPU
		{C976260E-7B43-4BB6-BA56-9F5AE90BAE1E}.Debug|Any CPU.Build.0 = Debug|Any CPU
		{C976260E-7B43-4BB6-BA56-9F5AE90BAE1E}.Debug|Any CPU.Deploy.0 = Debug|Any CPU
		{C976260E-7B43-4BB6-BA56-9F5AE90BAE1E}.Release|Any CPU.ActiveCfg = Release|Any CPU
		{C976260E-7B43-4BB6-BA56-9F5AE90BAE1E}.Release|Any CPU.Build.0 = Release|Any CPU
		{C976260E-7B43-4BB6-BA56-9F5AE90BAE1E}.Release|Any CPU.Deploy.0 = Release|Any CPU
		{E58F04E6-4F2D-4CAE-BE1F-3A573B407707}.Debug|Any CPU.ActiveCfg = Debug|Any CPU
		{E58F04E6-4F2D-4CAE-BE1F-3A573B407707}.Debug|Any CPU.Build.0 = Debug|Any CPU
		{E58F04E6-4F2D-4CAE-BE1F-3A573B407707}.Release|Any CPU.ActiveCfg = Release|Any CPU
		{E58F04E6-4F2D-4CAE-BE1F-3A573B407707}.Release|Any CPU.Build.0 = Release|Any CPU
		{69564E12-C3C8-4D7F-9E34-21AA9A355242}.Debug|Any CPU.ActiveCfg = Debug|Any CPU
		{69564E12-C3C8-4D7F-9E34-21AA9A355242}.Debug|Any CPU.Build.0 = Debug|Any CPU
		{69564E12-C3C8-4D7F-9E34-21AA9A355242}.Release|Any CPU.ActiveCfg = Release|Any CPU
		{69564E12-C3C8-4D7F-9E34-21AA9A355242}.Release|Any CPU.Build.0 = Release|Any CPU
		{DBD28C04-5F68-4184-B337-3214580F42CC}.Debug|Any CPU.ActiveCfg = Debug|Any CPU
		{DBD28C04-5F68-4184-B337-3214580F42CC}.Debug|Any CPU.Build.0 = Debug|Any CPU
		{DBD28C04-5F68-4184-B337-3214580F42CC}.Release|Any CPU.ActiveCfg = Release|Any CPU
		{DBD28C04-5F68-4184-B337-3214580F42CC}.Release|Any CPU.Build.0 = Release|Any CPU
		{1494DA5D-0B15-44B2-9AC2-4A412DE29CF5}.Debug|Any CPU.ActiveCfg = Debug|Any CPU
		{1494DA5D-0B15-44B2-9AC2-4A412DE29CF5}.Debug|Any CPU.Build.0 = Debug|Any CPU
		{1494DA5D-0B15-44B2-9AC2-4A412DE29CF5}.Release|Any CPU.ActiveCfg = Release|Any CPU
		{1494DA5D-0B15-44B2-9AC2-4A412DE29CF5}.Release|Any CPU.Build.0 = Release|Any CPU
		{3829CC54-4CEA-496C-868B-156B359B176B}.Debug|Any CPU.ActiveCfg = Debug|Any CPU
		{3829CC54-4CEA-496C-868B-156B359B176B}.Debug|Any CPU.Build.0 = Debug|Any CPU
		{3829CC54-4CEA-496C-868B-156B359B176B}.Release|Any CPU.ActiveCfg = Release|Any CPU
		{3829CC54-4CEA-496C-868B-156B359B176B}.Release|Any CPU.Build.0 = Release|Any CPU
		{AFC410C0-7D93-42A6-AD17-1B045D140998}.Debug|Any CPU.ActiveCfg = Debug|Any CPU
		{AFC410C0-7D93-42A6-AD17-1B045D140998}.Debug|Any CPU.Build.0 = Debug|Any CPU
		{AFC410C0-7D93-42A6-AD17-1B045D140998}.Release|Any CPU.ActiveCfg = Release|Any CPU
		{AFC410C0-7D93-42A6-AD17-1B045D140998}.Release|Any CPU.Build.0 = Release|Any CPU
		{628CB421-6A28-4F47-BCB1-FB194850B93C}.Debug|Any CPU.ActiveCfg = Debug|Any CPU
		{628CB421-6A28-4F47-BCB1-FB194850B93C}.Debug|Any CPU.Build.0 = Debug|Any CPU
		{628CB421-6A28-4F47-BCB1-FB194850B93C}.Release|Any CPU.ActiveCfg = Release|Any CPU
		{628CB421-6A28-4F47-BCB1-FB194850B93C}.Release|Any CPU.Build.0 = Release|Any CPU
		{E66D2D19-A377-46B7-8D6E-FBE73BF0BE18}.Debug|Any CPU.ActiveCfg = Debug|Any CPU
		{E66D2D19-A377-46B7-8D6E-FBE73BF0BE18}.Debug|Any CPU.Build.0 = Debug|Any CPU
		{E66D2D19-A377-46B7-8D6E-FBE73BF0BE18}.Release|Any CPU.ActiveCfg = Release|Any CPU
		{E66D2D19-A377-46B7-8D6E-FBE73BF0BE18}.Release|Any CPU.Build.0 = Release|Any CPU
		{756765D5-FDD1-40D3-8DAB-56F650BF7921}.Debug|Any CPU.ActiveCfg = Debug|Any CPU
		{756765D5-FDD1-40D3-8DAB-56F650BF7921}.Debug|Any CPU.Build.0 = Debug|Any CPU
		{756765D5-FDD1-40D3-8DAB-56F650BF7921}.Release|Any CPU.ActiveCfg = Release|Any CPU
		{756765D5-FDD1-40D3-8DAB-56F650BF7921}.Release|Any CPU.Build.0 = Release|Any CPU
		{DEFE3AF5-C75C-412F-A375-B7124B4AAEFA}.Debug|Any CPU.ActiveCfg = Debug|Any CPU
		{DEFE3AF5-C75C-412F-A375-B7124B4AAEFA}.Debug|Any CPU.Build.0 = Debug|Any CPU
		{DEFE3AF5-C75C-412F-A375-B7124B4AAEFA}.Release|Any CPU.ActiveCfg = Release|Any CPU
		{DEFE3AF5-C75C-412F-A375-B7124B4AAEFA}.Release|Any CPU.Build.0 = Release|Any CPU
	EndGlobalSection
	GlobalSection(SolutionProperties) = preSolution
		HideSolutionNode = FALSE
	EndGlobalSection
	GlobalSection(NestedProjects) = preSolution
		{C976260E-7B43-4BB6-BA56-9F5AE90BAE1E} = {A2CE6A4B-5DF3-44DE-935E-9C94A7F285E9}
		{E58F04E6-4F2D-4CAE-BE1F-3A573B407707} = {89CD191D-22B8-417B-9426-741D102E2D00}
		{69564E12-C3C8-4D7F-9E34-21AA9A355242} = {89CD191D-22B8-417B-9426-741D102E2D00}
		{DBD28C04-5F68-4184-B337-3214580F42CC} = {89CD191D-22B8-417B-9426-741D102E2D00}
		{1494DA5D-0B15-44B2-9AC2-4A412DE29CF5} = {A84DDB5B-3D09-4E24-AB3D-57624536BF43}
		{3829CC54-4CEA-496C-868B-156B359B176B} = {A84DDB5B-3D09-4E24-AB3D-57624536BF43}
		{AFC410C0-7D93-42A6-AD17-1B045D140998} = {F032B427-9AB6-48B4-8677-8CE21C9BFFC3}
		{628CB421-6A28-4F47-BCB1-FB194850B93C} = {F032B427-9AB6-48B4-8677-8CE21C9BFFC3}
		{E66D2D19-A377-46B7-8D6E-FBE73BF0BE18} = {90CF14D5-3DA7-4D7D-B6F7-5DC3448A6E56}
		{756765D5-FDD1-40D3-8DAB-56F650BF7921} = {90CF14D5-3DA7-4D7D-B6F7-5DC3448A6E56}
	EndGlobalSection
EndGlobal
